
Microsoft Visual Studio Solution File, Format Version 12.00
Project("{FAE04EC0-301F-11D3-BF4B-00C04F79EFBC}") = "kolos2", "kolos2\kolos2.csproj", "{8AD1999D-8EA4-446F-9C86-DA3C31694402}"
EndProject
Global
	GlobalSection(SolutionConfigurationPlatforms) = preSolution
		Debug|Any CPU = Debug|Any CPU
		Release|Any CPU = Release|Any CPU
	EndGlobalSection
	GlobalSection(ProjectConfigurationPlatforms) = postSolution
		{8AD1999D-8EA4-446F-9C86-DA3C31694402}.Debug|Any CPU.ActiveCfg = Debug|Any CPU
		{8AD1999D-8EA4-446F-9C86-DA3C31694402}.Debug|Any CPU.Build.0 = Debug|Any CPU
		{8AD1999D-8EA4-446F-9C86-DA3C31694402}.Release|Any CPU.ActiveCfg = Release|Any CPU
		{8AD1999D-8EA4-446F-9C86-DA3C31694402}.Release|Any CPU.Build.0 = Release|Any CPU
	EndGlobalSection
EndGlobal
